
Microsoft Visual Studio Solution File, Format Version 12.00
# Visual Studio 15
VisualStudioVersion = 15.0.28307.489
MinimumVisualStudioVersion = 10.0.40219.1
Project("{FAE04EC0-301F-11D3-BF4B-00C04F79EFBC}") = "WindowsFormsApp4", "WindowsFormsApp4\WindowsFormsApp4.csproj", "{9B35E9A2-9BD9-4213-B272-2A2CA79240DB}"
EndProject
Project("{FAE04EC0-301F-11D3-BF4B-00C04F79EFBC}") = "Dominio", "Dominio\Dominio.csproj", "{958FD63E-983A-4A85-B36E-05DD28B8AF60}"
EndProject
Global
	GlobalSection(SolutionConfigurationPlatforms) = preSolution
		Debug|Any CPU = Debug|Any CPU
		Release|Any CPU = Release|Any CPU
	EndGlobalSection
	GlobalSection(ProjectConfigurationPlatforms) = postSolution
		{9B35E9A2-9BD9-4213-B272-2A2CA79240DB}.Debug|Any CPU.ActiveCfg = Debug|Any CPU
		{9B35E9A2-9BD9-4213-B272-2A2CA79240DB}.Debug|Any CPU.Build.0 = Debug|Any CPU
		{9B35E9A2-9BD9-4213-B272-2A2CA79240DB}.Release|Any CPU.ActiveCfg = Release|Any CPU
		{9B35E9A2-9BD9-4213-B272-2A2CA79240DB}.Release|Any CPU.Build.0 = Release|Any CPU
		{958FD63E-983A-4A85-B36E-05DD28B8AF60}.Debug|Any CPU.ActiveCfg = Debug|Any CPU
		{958FD63E-983A-4A85-B36E-05DD28B8AF60}.Debug|Any CPU.Build.0 = Debug|Any CPU
		{958FD63E-983A-4A85-B36E-05DD28B8AF60}.Release|Any CPU.ActiveCfg = Release|Any CPU
		{958FD63E-983A-4A85-B36E-05DD28B8AF60}.Release|Any CPU.Build.0 = Release|Any CPU
	EndGlobalSection
	GlobalSection(SolutionProperties) = preSolution
		HideSolutionNode = FALSE
	EndGlobalSection
	GlobalSection(ExtensibilityGlobals) = postSolution
		SolutionGuid = {51E078FB-234B-4F6B-953D-44E01F621D87}
	EndGlobalSection
EndGlobal
